
Microsoft Visual Studio Solution File, Format Version 12.00
# Visual Studio Version 17
VisualStudioVersion = 17.13.35931.197 d17.13
MinimumVisualStudioVersion = 10.0.40219.1
Project("{FAE04EC0-301F-11D3-BF4B-00C04F79EFBC}") = "Cinema.Core", "Cinema.Core\Cinema.Core.csproj", "{8F3BDC2F-3894-410A-B742-70A64524D626}"
EndProject
Project("{FAE04EC0-301F-11D3-BF4B-00C04F79EFBC}") = "Cinema.Infrastructure", "Cinema.Infrastructure\Cinema.Infrastructure.csproj", "{C0D3DAE5-0018-4B77-AD1A-DC1CD74A262F}"
EndProject
Global
	GlobalSection(SolutionConfigurationPlatforms) = preSolution
		Debug|Any CPU = Debug|Any CPU
		Release|Any CPU = Release|Any CPU
	EndGlobalSection
	GlobalSection(ProjectConfigurationPlatforms) = postSolution
		{8F3BDC2F-3894-410A-B742-70A64524D626}.Debug|Any CPU.ActiveCfg = Debug|Any CPU
		{8F3BDC2F-3894-410A-B742-70A64524D626}.Debug|Any CPU.Build.0 = Debug|Any CPU
		{8F3BDC2F-3894-410A-B742-70A64524D626}.Release|Any CPU.ActiveCfg = Release|Any CPU
		{8F3BDC2F-3894-410A-B742-70A64524D626}.Release|Any CPU.Build.0 = Release|Any CPU
		{C0D3DAE5-0018-4B77-AD1A-DC1CD74A262F}.Debug|Any CPU.ActiveCfg = Debug|Any CPU
		{C0D3DAE5-0018-4B77-AD1A-DC1CD74A262F}.Debug|Any CPU.Build.0 = Debug|Any CPU
		{C0D3DAE5-0018-4B77-AD1A-DC1CD74A262F}.Release|Any CPU.ActiveCfg = Release|Any CPU
		{C0D3DAE5-0018-4B77-AD1A-DC1CD74A262F}.Release|Any CPU.Build.0 = Release|Any CPU
	EndGlobalSection
	GlobalSection(SolutionProperties) = preSolution
		HideSolutionNode = FALSE
	EndGlobalSection
	GlobalSection(ExtensibilityGlobals) = postSolution
		SolutionGuid = {D25BC1B1-CBA3-44F3-B371-9408413EAF90}
	EndGlobalSection
EndGlobal
